
Microsoft Visual Studio Solution File, Format Version 12.00
# Visual Studio Version 17
VisualStudioVersion = 17.11.35312.102
MinimumVisualStudioVersion = 10.0.40219.1
Project("{FAE04EC0-301F-11D3-BF4B-00C04F79EFBC}") = "Homework5", "Homework5\Homework5.csproj", "{6CB5C1FC-BCA2-45B2-9D04-A3121D386CA7}"
EndProject
Global
	GlobalSection(SolutionConfigurationPlatforms) = preSolution
		Debug|Any CPU = Debug|Any CPU
		Release|Any CPU = Release|Any CPU
	EndGlobalSection
	GlobalSection(ProjectConfigurationPlatforms) = postSolution
		{6CB5C1FC-BCA2-45B2-9D04-A3121D386CA7}.Debug|Any CPU.ActiveCfg = Debug|Any CPU
		{6CB5C1FC-BCA2-45B2-9D04-A3121D386CA7}.Debug|Any CPU.Build.0 = Debug|Any CPU
		{6CB5C1FC-BCA2-45B2-9D04-A3121D386CA7}.Release|Any CPU.ActiveCfg = Release|Any CPU
		{6CB5C1FC-BCA2-45B2-9D04-A3121D386CA7}.Release|Any CPU.Build.0 = Release|Any CPU
	EndGlobalSection
	GlobalSection(SolutionProperties) = preSolution
		HideSolutionNode = FALSE
	EndGlobalSection
	GlobalSection(ExtensibilityGlobals) = postSolution
		SolutionGuid = {758A870A-49AA-4BF0-ACE4-B391DB2D2095}
	EndGlobalSection
EndGlobal
